
Microsoft Visual Studio Solution File, Format Version 12.00
# Visual Studio Version 17
VisualStudioVersion = 17.7.34031.279
MinimumVisualStudioVersion = 10.0.40219.1
Project("{FAE04EC0-301F-11D3-BF4B-00C04F79EFBC}") = "3zh", "3zh\3zh.csproj", "{00B17EFB-F506-44C1-B2EB-14D34B09DE48}"
EndProject
Global
	GlobalSection(SolutionConfigurationPlatforms) = preSolution
		Debug|Any CPU = Debug|Any CPU
		Release|Any CPU = Release|Any CPU
	EndGlobalSection
	GlobalSection(ProjectConfigurationPlatforms) = postSolution
		{00B17EFB-F506-44C1-B2EB-14D34B09DE48}.Debug|Any CPU.ActiveCfg = Debug|Any CPU
		{00B17EFB-F506-44C1-B2EB-14D34B09DE48}.Debug|Any CPU.Build.0 = Debug|Any CPU
		{00B17EFB-F506-44C1-B2EB-14D34B09DE48}.Release|Any CPU.ActiveCfg = Release|Any CPU
		{00B17EFB-F506-44C1-B2EB-14D34B09DE48}.Release|Any CPU.Build.0 = Release|Any CPU
	EndGlobalSection
	GlobalSection(SolutionProperties) = preSolution
		HideSolutionNode = FALSE
	EndGlobalSection
	GlobalSection(ExtensibilityGlobals) = postSolution
		SolutionGuid = {C00BBF7B-EC3C-43C1-BDF2-D0B61905B12F}
	EndGlobalSection
EndGlobal
